
Microsoft Visual Studio Solution File, Format Version 12.00
# Visual Studio Version 16
VisualStudioVersion = 16.0.30907.101
MinimumVisualStudioVersion = 10.0.40219.1
Project("{9A19103F-16F7-4668-BE54-9A1E7A4F7556}") = "Client", "Client\Client.csproj", "{2E27B017-693D-46FF-891F-92FDC068AD12}"
EndProject
Project("{FAE04EC0-301F-11D3-BF4B-00C04F79EFBC}") = "WebApplication1", "WebApplication1\WebApplication1.csproj", "{794779BC-F5E9-4BE4-B0B6-564C01839B5D}"
EndProject
Global
	GlobalSection(SolutionConfigurationPlatforms) = preSolution
		Debug|Any CPU = Debug|Any CPU
		Release|Any CPU = Release|Any CPU
	EndGlobalSection
	GlobalSection(ProjectConfigurationPlatforms) = postSolution
		{2E27B017-693D-46FF-891F-92FDC068AD12}.Debug|Any CPU.ActiveCfg = Debug|Any CPU
		{2E27B017-693D-46FF-891F-92FDC068AD12}.Debug|Any CPU.Build.0 = Debug|Any CPU
		{2E27B017-693D-46FF-891F-92FDC068AD12}.Release|Any CPU.ActiveCfg = Release|Any CPU
		{2E27B017-693D-46FF-891F-92FDC068AD12}.Release|Any CPU.Build.0 = Release|Any CPU
		{794779BC-F5E9-4BE4-B0B6-564C01839B5D}.Debug|Any CPU.ActiveCfg = Debug|Any CPU
		{794779BC-F5E9-4BE4-B0B6-564C01839B5D}.Debug|Any CPU.Build.0 = Debug|Any CPU
		{794779BC-F5E9-4BE4-B0B6-564C01839B5D}.Release|Any CPU.ActiveCfg = Release|Any CPU
		{794779BC-F5E9-4BE4-B0B6-564C01839B5D}.Release|Any CPU.Build.0 = Release|Any CPU
	EndGlobalSection
	GlobalSection(SolutionProperties) = preSolution
		HideSolutionNode = FALSE
	EndGlobalSection
	GlobalSection(ExtensibilityGlobals) = postSolution
		SolutionGuid = {0001C806-33D4-43BC-B2FE-0416AC401408}
	EndGlobalSection
EndGlobal
